// !$*UTF8*$!
{
	archiveVersion = 1;
	classes = {
	};
	objectVersion = 56;
	objects = {

/* Begin PBXBuildFile section */
		846AFF472B02A43900BD0C38 /* SnapKit in Frameworks */ = {isa = PBXBuildFile; productRef = 846AFF462B02A43900BD0C38 /* SnapKit */; };
		846AFF502B02AC1C00BD0C38 /* Source.swift in Sources */ = {isa = PBXBuildFile; fileRef = 846AFF4F2B02AC1C00BD0C38 /* Source.swift */; };
		846AFF522B02AC7C00BD0C38 /* StatistickCell.swift in Sources */ = {isa = PBXBuildFile; fileRef = 846AFF512B02AC7C00BD0C38 /* StatistickCell.swift */; };
		865B48682B024E5A00EE81AA /* AppDelegate.swift in Sources */ = {isa = PBXBuildFile; fileRef = 865B48672B024E5A00EE81AA /* AppDelegate.swift */; };
		865B486A2B024E5A00EE81AA /* SceneDelegate.swift in Sources */ = {isa = PBXBuildFile; fileRef = 865B48692B024E5A00EE81AA /* SceneDelegate.swift */; };
		865B48712B024E5B00EE81AA /* Assets.xcassets in Resources */ = {isa = PBXBuildFile; fileRef = 865B48702B024E5B00EE81AA /* Assets.xcassets */; };
		865B48742B024E5B00EE81AA /* LaunchScreen.storyboard in Resources */ = {isa = PBXBuildFile; fileRef = 865B48722B024E5B00EE81AA /* LaunchScreen.storyboard */; };
		865B48982B025DC800EE81AA /* UILabel+App.swift in Sources */ = {isa = PBXBuildFile; fileRef = 865B48972B025DC800EE81AA /* UILabel+App.swift */; };
		865B489C2B025DFC00EE81AA /* MainViewController.swift in Sources */ = {isa = PBXBuildFile; fileRef = 865B489B2B025DFC00EE81AA /* MainViewController.swift */; };
		865B489E2B025E0E00EE81AA /* GameViewController.swift in Sources */ = {isa = PBXBuildFile; fileRef = 865B489D2B025E0E00EE81AA /* GameViewController.swift */; };
		865B48A02B025E1C00EE81AA /* RulesViewController.swift in Sources */ = {isa = PBXBuildFile; fileRef = 865B489F2B025E1C00EE81AA /* RulesViewController.swift */; };
		865B48A22B025E2900EE81AA /* ResultsViewController.swift in Sources */ = {isa = PBXBuildFile; fileRef = 865B48A12B025E2900EE81AA /* ResultsViewController.swift */; };
		865B48A42B025E3300EE81AA /* SettingsViewController.swift in Sources */ = {isa = PBXBuildFile; fileRef = 865B48A32B025E3300EE81AA /* SettingsViewController.swift */; };
		86EAB0B42B07A6370068C97A /* TaskSpeedView.swift in Sources */ = {isa = PBXBuildFile; fileRef = 86EAB0B12B07A6370068C97A /* TaskSpeedView.swift */; };
		86EAB0B52B07A6370068C97A /* BackBoardView.swift in Sources */ = {isa = PBXBuildFile; fileRef = 86EAB0B22B07A6370068C97A /* BackBoardView.swift */; };
		86EAB0B62B07A6370068C97A /* PlayTimeView.swift in Sources */ = {isa = PBXBuildFile; fileRef = 86EAB0B32B07A6370068C97A /* PlayTimeView.swift */; };
		86EAB0B82B07A6510068C97A /* SettingsManager.swift in Sources */ = {isa = PBXBuildFile; fileRef = 86EAB0B72B07A6510068C97A /* SettingsManager.swift */; };
		86EAB0BD2B07A7300068C97A /* CormorantInfant-Regular.ttf in Resources */ = {isa = PBXBuildFile; fileRef = 86EAB0BC2B07A7300068C97A /* CormorantInfant-Regular.ttf */; };
		AF60FCF52B03ADE200CEBB06 /* MainView.swift in Sources */ = {isa = PBXBuildFile; fileRef = AF60FCF42B03ADE200CEBB06 /* MainView.swift */; };
/* End PBXBuildFile section */

/* Begin PBXFileReference section */
		846AFF4F2B02AC1C00BD0C38 /* Source.swift */ = {isa = PBXFileReference; lastKnownFileType = sourcecode.swift; path = Source.swift; sourceTree = "<group>"; };
		846AFF512B02AC7C00BD0C38 /* StatistickCell.swift */ = {isa = PBXFileReference; lastKnownFileType = sourcecode.swift; path = StatistickCell.swift; sourceTree = "<group>"; };
		865B48642B024E5A00EE81AA /* RainbowGame.app */ = {isa = PBXFileReference; explicitFileType = wrapper.application; includeInIndex = 0; path = RainbowGame.app; sourceTree = BUILT_PRODUCTS_DIR; };
		865B48672B024E5A00EE81AA /* AppDelegate.swift */ = {isa = PBXFileReference; lastKnownFileType = sourcecode.swift; path = AppDelegate.swift; sourceTree = "<group>"; };
		865B48692B024E5A00EE81AA /* SceneDelegate.swift */ = {isa = PBXFileReference; lastKnownFileType = sourcecode.swift; path = SceneDelegate.swift; sourceTree = "<group>"; };
		865B48702B024E5B00EE81AA /* Assets.xcassets */ = {isa = PBXFileReference; lastKnownFileType = folder.assetcatalog; path = Assets.xcassets; sourceTree = "<group>"; };
		865B48732B024E5B00EE81AA /* Base */ = {isa = PBXFileReference; lastKnownFileType = file.storyboard; name = Base; path = Base.lproj/LaunchScreen.storyboard; sourceTree = "<group>"; };
		865B48752B024E5B00EE81AA /* Info.plist */ = {isa = PBXFileReference; lastKnownFileType = text.plist.xml; path = Info.plist; sourceTree = "<group>"; };
		865B48972B025DC800EE81AA /* UILabel+App.swift */ = {isa = PBXFileReference; lastKnownFileType = sourcecode.swift; path = "UILabel+App.swift"; sourceTree = "<group>"; };
		865B489B2B025DFC00EE81AA /* MainViewController.swift */ = {isa = PBXFileReference; lastKnownFileType = sourcecode.swift; path = MainViewController.swift; sourceTree = "<group>"; };
		865B489D2B025E0E00EE81AA /* GameViewController.swift */ = {isa = PBXFileReference; lastKnownFileType = sourcecode.swift; path = GameViewController.swift; sourceTree = "<group>"; };
		865B489F2B025E1C00EE81AA /* RulesViewController.swift */ = {isa = PBXFileReference; lastKnownFileType = sourcecode.swift; path = RulesViewController.swift; sourceTree = "<group>"; };
		865B48A12B025E2900EE81AA /* ResultsViewController.swift */ = {isa = PBXFileReference; lastKnownFileType = sourcecode.swift; path = ResultsViewController.swift; sourceTree = "<group>"; };
		865B48A32B025E3300EE81AA /* SettingsViewController.swift */ = {isa = PBXFileReference; lastKnownFileType = sourcecode.swift; path = SettingsViewController.swift; sourceTree = "<group>"; };
		86EAB0B12B07A6370068C97A /* TaskSpeedView.swift */ = {isa = PBXFileReference; fileEncoding = 4; lastKnownFileType = sourcecode.swift; path = TaskSpeedView.swift; sourceTree = "<group>"; };
		86EAB0B22B07A6370068C97A /* BackBoardView.swift */ = {isa = PBXFileReference; fileEncoding = 4; lastKnownFileType = sourcecode.swift; path = BackBoardView.swift; sourceTree = "<group>"; };
		86EAB0B32B07A6370068C97A /* PlayTimeView.swift */ = {isa = PBXFileReference; fileEncoding = 4; lastKnownFileType = sourcecode.swift; path = PlayTimeView.swift; sourceTree = "<group>"; };
		86EAB0B72B07A6510068C97A /* SettingsManager.swift */ = {isa = PBXFileReference; fileEncoding = 4; lastKnownFileType = sourcecode.swift; path = SettingsManager.swift; sourceTree = "<group>"; };
		86EAB0BC2B07A7300068C97A /* CormorantInfant-Regular.ttf */ = {isa = PBXFileReference; lastKnownFileType = file; path = "CormorantInfant-Regular.ttf"; sourceTree = "<group>"; };
		AF60FCF42B03ADE200CEBB06 /* MainView.swift */ = {isa = PBXFileReference; lastKnownFileType = sourcecode.swift; path = MainView.swift; sourceTree = "<group>"; };
/* End PBXFileReference section */

/* Begin PBXFrameworksBuildPhase section */
		865B48612B024E5A00EE81AA /* Frameworks */ = {
			isa = PBXFrameworksBuildPhase;
			buildActionMask = 2147483647;
			files = (
				846AFF472B02A43900BD0C38 /* SnapKit in Frameworks */,
			);
			runOnlyForDeploymentPostprocessing = 0;
		};
/* End PBXFrameworksBuildPhase section */

/* Begin PBXGroup section */
		846AFF4B2B02AB1200BD0C38 /* Models */ = {
			isa = PBXGroup;
			children = (
				846AFF4F2B02AC1C00BD0C38 /* Source.swift */,
			);
			path = Models;
			sourceTree = "<group>";
		};
		846AFF4E2B02ABE100BD0C38 /* Views */ = {
			isa = PBXGroup;
			children = (
				846AFF512B02AC7C00BD0C38 /* StatistickCell.swift */,
			);
			path = Views;
			sourceTree = "<group>";
		};
		865B485B2B024E5A00EE81AA = {
			isa = PBXGroup;
			children = (
				865B48662B024E5A00EE81AA /* RainbowGame */,
				865B48652B024E5A00EE81AA /* Products */,
			);
			sourceTree = "<group>";
		};
		865B48652B024E5A00EE81AA /* Products */ = {
			isa = PBXGroup;
			children = (
				865B48642B024E5A00EE81AA /* RainbowGame.app */,
			);
			name = Products;
			sourceTree = "<group>";
		};
		865B48662B024E5A00EE81AA /* RainbowGame */ = {
			isa = PBXGroup;
			children = (
				865B487C2B0256D900EE81AA /* Modules */,
				865B487E2B0256FF00EE81AA /* UIConstants */,
				865B487D2B0256EF00EE81AA /* Common */,
				865B487B2B024ECD00EE81AA /* Application */,
			);
			path = RainbowGame;
			sourceTree = "<group>";
		};
		865B487B2B024ECD00EE81AA /* Application */ = {
			isa = PBXGroup;
			children = (
				865B48702B024E5B00EE81AA /* Assets.xcassets */,
				865B48722B024E5B00EE81AA /* LaunchScreen.storyboard */,
				865B48752B024E5B00EE81AA /* Info.plist */,
				865B48672B024E5A00EE81AA /* AppDelegate.swift */,
				865B48692B024E5A00EE81AA /* SceneDelegate.swift */,
			);
			path = Application;
			sourceTree = "<group>";
		};
		865B487C2B0256D900EE81AA /* Modules */ = {
			isa = PBXGroup;
			children = (
				865B48832B02576000EE81AA /* Main */,
				865B48822B02575E00EE81AA /* Game */,
				865B48812B02575C00EE81AA /* Rules */,
				865B48802B02575A00EE81AA /* Results */,
				865B487F2B02574F00EE81AA /* Settings */,
			);
			path = Modules;
			sourceTree = "<group>";
		};
		865B487D2B0256EF00EE81AA /* Common */ = {
			isa = PBXGroup;
			children = (
				AFE379F92B04C157006A2C43 /* Fonts */,
			);
			path = Common;
			sourceTree = "<group>";
		};
		865B487E2B0256FF00EE81AA /* UIConstants */ = {
			isa = PBXGroup;
			children = (
				865B48972B025DC800EE81AA /* UILabel+App.swift */,
			);
			path = UIConstants;
			sourceTree = "<group>";
		};
		865B487F2B02574F00EE81AA /* Settings */ = {
			isa = PBXGroup;
			children = (
				865B48922B02582200EE81AA /* Models */,
				865B48912B02582100EE81AA /* Views */,
				865B48902B02581F00EE81AA /* Controllers */,
			);
			path = Settings;
			sourceTree = "<group>";
		};
		865B48802B02575A00EE81AA /* Results */ = {
			isa = PBXGroup;
			children = (
				846AFF4E2B02ABE100BD0C38 /* Views */,
				846AFF4B2B02AB1200BD0C38 /* Models */,
				865B488D2B02581800EE81AA /* Controllers */,
			);
			path = Results;
			sourceTree = "<group>";
		};
		865B48812B02575C00EE81AA /* Rules */ = {
			isa = PBXGroup;
			children = (
				865B488C2B0257E900EE81AA /* Models */,
				865B488B2B0257E700EE81AA /* Views */,
				865B488A2B0257E500EE81AA /* Controllers */,
			);
			path = Rules;
			sourceTree = "<group>";
		};
		865B48822B02575E00EE81AA /* Game */ = {
			isa = PBXGroup;
			children = (
				AAE591332B0682FC008761E1 /* Models */,
				865B48882B0257E200EE81AA /* Views */,
				865B48872B0257E000EE81AA /* Controllers */,
			);
			path = Game;
			sourceTree = "<group>";
		};
		865B48832B02576000EE81AA /* Main */ = {
			isa = PBXGroup;
			children = (
				865B48862B0257D900EE81AA /* Models */,
				865B48852B0257D800EE81AA /* Views */,
				865B48842B0257D600EE81AA /* Controllers */,
			);
			path = Main;
			sourceTree = "<group>";
		};
		865B48842B0257D600EE81AA /* Controllers */ = {
			isa = PBXGroup;
			children = (
				865B489B2B025DFC00EE81AA /* MainViewController.swift */,
			);
			path = Controllers;
			sourceTree = "<group>";
		};
		865B48852B0257D800EE81AA /* Views */ = {
			isa = PBXGroup;
			children = (
				AF60FCF42B03ADE200CEBB06 /* MainView.swift */,
			);
			path = Views;
			sourceTree = "<group>";
		};
		865B48862B0257D900EE81AA /* Models */ = {
			isa = PBXGroup;
			children = (
			);
			path = Models;
			sourceTree = "<group>";
		};
		865B48872B0257E000EE81AA /* Controllers */ = {
			isa = PBXGroup;
			children = (
				865B489D2B025E0E00EE81AA /* GameViewController.swift */,
			);
			path = Controllers;
			sourceTree = "<group>";
		};
		865B48882B0257E200EE81AA /* Views */ = {
			isa = PBXGroup;
			children = (
			);
			path = Views;
			sourceTree = "<group>";
		};
		865B488A2B0257E500EE81AA /* Controllers */ = {
			isa = PBXGroup;
			children = (
				865B489F2B025E1C00EE81AA /* RulesViewController.swift */,
			);
			path = Controllers;
			sourceTree = "<group>";
		};
		865B488B2B0257E700EE81AA /* Views */ = {
			isa = PBXGroup;
			children = (
			);
			path = Views;
			sourceTree = "<group>";
		};
		865B488C2B0257E900EE81AA /* Models */ = {
			isa = PBXGroup;
			children = (
			);
			path = Models;
			sourceTree = "<group>";
		};
		865B488D2B02581800EE81AA /* Controllers */ = {
			isa = PBXGroup;
			children = (
				865B48A12B025E2900EE81AA /* ResultsViewController.swift */,
			);
			path = Controllers;
			sourceTree = "<group>";
		};
		865B48902B02581F00EE81AA /* Controllers */ = {
			isa = PBXGroup;
			children = (
				865B48A32B025E3300EE81AA /* SettingsViewController.swift */,
			);
			path = Controllers;
			sourceTree = "<group>";
		};
		865B48912B02582100EE81AA /* Views */ = {
			isa = PBXGroup;
			children = (
				86EAB0B22B07A6370068C97A /* BackBoardView.swift */,
				86EAB0B32B07A6370068C97A /* PlayTimeView.swift */,
				86EAB0B12B07A6370068C97A /* TaskSpeedView.swift */,
			);
			path = Views;
			sourceTree = "<group>";
		};
		865B48922B02582200EE81AA /* Models */ = {
			isa = PBXGroup;
			children = (
				86EAB0B72B07A6510068C97A /* SettingsManager.swift */,
			);
			path = Models;
			sourceTree = "<group>";
		};
		AAE591332B0682FC008761E1 /* Models */ = {
			isa = PBXGroup;
			children = (
				AAE591342B06831F008761E1 /* GameModel.swift */,
			);
			path = Models;
			sourceTree = "<group>";
		};
		AFE379F92B04C157006A2C43 /* Fonts */ = {
			isa = PBXGroup;
			children = (
				86EAB0BC2B07A7300068C97A /* CormorantInfant-Regular.ttf */,
			);
			path = Fonts;
			sourceTree = "<group>";
		};
/* End PBXGroup section */

/* Begin PBXNativeTarget section */
		865B48632B024E5A00EE81AA /* RainbowGame */ = {
			isa = PBXNativeTarget;
			buildConfigurationList = 865B48782B024E5B00EE81AA /* Build configuration list for PBXNativeTarget "RainbowGame" */;
			buildPhases = (
				865B48602B024E5A00EE81AA /* Sources */,
				865B48612B024E5A00EE81AA /* Frameworks */,
				865B48622B024E5A00EE81AA /* Resources */,
			);
			buildRules = (
			);
			dependencies = (
			);
			name = RainbowGame;
			packageProductDependencies = (
				846AFF462B02A43900BD0C38 /* SnapKit */,
			);
			productName = RainbowGame;
			productReference = 865B48642B024E5A00EE81AA /* RainbowGame.app */;
			productType = "com.apple.product-type.application";
		};
/* End PBXNativeTarget section */

/* Begin PBXProject section */
		865B485C2B024E5A00EE81AA /* Project object */ = {
			isa = PBXProject;
			attributes = {
				BuildIndependentTargetsInParallel = 1;
				LastSwiftUpdateCheck = 1430;
				LastUpgradeCheck = 1500;
				TargetAttributes = {
					865B48632B024E5A00EE81AA = {
						CreatedOnToolsVersion = 14.3.1;
					};
				};
			};
			buildConfigurationList = 865B485F2B024E5A00EE81AA /* Build configuration list for PBXProject "RainbowGame" */;
			compatibilityVersion = "Xcode 14.0";
			developmentRegion = en;
			hasScannedForEncodings = 0;
			knownRegions = (
				en,
				Base,
			);
			mainGroup = 865B485B2B024E5A00EE81AA;
			packageReferences = (
				846AFF452B02A43900BD0C38 /* XCRemoteSwiftPackageReference "SnapKit" */,
			);
			productRefGroup = 865B48652B024E5A00EE81AA /* Products */;
			projectDirPath = "";
			projectRoot = "";
			targets = (
				865B48632B024E5A00EE81AA /* RainbowGame */,
			);
		};
/* End PBXProject section */

/* Begin PBXResourcesBuildPhase section */
		865B48622B024E5A00EE81AA /* Resources */ = {
			isa = PBXResourcesBuildPhase;
			buildActionMask = 2147483647;
			files = (
				86EAB0BD2B07A7300068C97A /* CormorantInfant-Regular.ttf in Resources */,
				865B48742B024E5B00EE81AA /* LaunchScreen.storyboard in Resources */,
				865B48712B024E5B00EE81AA /* Assets.xcassets in Resources */,
			);
			runOnlyForDeploymentPostprocessing = 0;
		};
/* End PBXResourcesBuildPhase section */

/* Begin PBXSourcesBuildPhase section */
		865B48602B024E5A00EE81AA /* Sources */ = {
			isa = PBXSourcesBuildPhase;
			buildActionMask = 2147483647;
			files = (
				865B489C2B025DFC00EE81AA /* MainViewController.swift in Sources */,
				AAE591352B06831F008761E1 /* GameModel.swift in Sources */,
				AF60FCF52B03ADE200CEBB06 /* MainView.swift in Sources */,
				865B48982B025DC800EE81AA /* UILabel+App.swift in Sources */,
				846AFF522B02AC7C00BD0C38 /* StatistickCell.swift in Sources */,
				865B48A42B025E3300EE81AA /* SettingsViewController.swift in Sources */,
				86EAB0B52B07A6370068C97A /* BackBoardView.swift in Sources */,
				86EAB0B42B07A6370068C97A /* TaskSpeedView.swift in Sources */,
				865B48A22B025E2900EE81AA /* ResultsViewController.swift in Sources */,
				865B48A02B025E1C00EE81AA /* RulesViewController.swift in Sources */,
				846AFF502B02AC1C00BD0C38 /* Source.swift in Sources */,
				865B489E2B025E0E00EE81AA /* GameViewController.swift in Sources */,
				86EAB0B82B07A6510068C97A /* SettingsManager.swift in Sources */,
				86EAB0B62B07A6370068C97A /* PlayTimeView.swift in Sources */,
				865B48682B024E5A00EE81AA /* AppDelegate.swift in Sources */,
				865B486A2B024E5A00EE81AA /* SceneDelegate.swift in Sources */,
			);
			runOnlyForDeploymentPostprocessing = 0;
		};
/* End PBXSourcesBuildPhase section */

/* Begin PBXVariantGroup section */
		865B48722B024E5B00EE81AA /* LaunchScreen.storyboard */ = {
			isa = PBXVariantGroup;
			children = (
				865B48732B024E5B00EE81AA /* Base */,
			);
			name = LaunchScreen.storyboard;
			sourceTree = "<group>";
		};
/* End PBXVariantGroup section */

/* Begin XCBuildConfiguration section */
		865B48762B024E5B00EE81AA /* Debug */ = {
			isa = XCBuildConfiguration;
			buildSettings = {
				ALWAYS_SEARCH_USER_PATHS = NO;
				ASSETCATALOG_COMPILER_GENERATE_SWIFT_ASSET_SYMBOL_EXTENSIONS = YES;
				CLANG_ANALYZER_NONNULL = YES;
				CLANG_ANALYZER_NUMBER_OBJECT_CONVERSION = YES_AGGRESSIVE;
				CLANG_CXX_LANGUAGE_STANDARD = "gnu++20";
				CLANG_ENABLE_MODULES = YES;
				CLANG_ENABLE_OBJC_ARC = YES;
				CLANG_ENABLE_OBJC_WEAK = YES;
				CLANG_WARN_BLOCK_CAPTURE_AUTORELEASING = YES;
				CLANG_WARN_BOOL_CONVERSION = YES;
				CLANG_WARN_COMMA = YES;
				CLANG_WARN_CONSTANT_CONVERSION = YES;
				CLANG_WARN_DEPRECATED_OBJC_IMPLEMENTATIONS = YES;
				CLANG_WARN_DIRECT_OBJC_ISA_USAGE = YES_ERROR;
				CLANG_WARN_DOCUMENTATION_COMMENTS = YES;
				CLANG_WARN_EMPTY_BODY = YES;
				CLANG_WARN_ENUM_CONVERSION = YES;
				CLANG_WARN_INFINITE_RECURSION = YES;
				CLANG_WARN_INT_CONVERSION = YES;
				CLANG_WARN_NON_LITERAL_NULL_CONVERSION = YES;
				CLANG_WARN_OBJC_IMPLICIT_RETAIN_SELF = YES;
				CLANG_WARN_OBJC_LITERAL_CONVERSION = YES;
				CLANG_WARN_OBJC_ROOT_CLASS = YES_ERROR;
				CLANG_WARN_QUOTED_INCLUDE_IN_FRAMEWORK_HEADER = YES;
				CLANG_WARN_RANGE_LOOP_ANALYSIS = YES;
				CLANG_WARN_STRICT_PROTOTYPES = YES;
				CLANG_WARN_SUSPICIOUS_MOVE = YES;
				CLANG_WARN_UNGUARDED_AVAILABILITY = YES_AGGRESSIVE;
				CLANG_WARN_UNREACHABLE_CODE = YES;
				CLANG_WARN__DUPLICATE_METHOD_MATCH = YES;
				COPY_PHASE_STRIP = NO;
				DEBUG_INFORMATION_FORMAT = dwarf;
				ENABLE_STRICT_OBJC_MSGSEND = YES;
				ENABLE_TESTABILITY = YES;
				ENABLE_USER_SCRIPT_SANDBOXING = YES;
				GCC_C_LANGUAGE_STANDARD = gnu11;
				GCC_DYNAMIC_NO_PIC = NO;
				GCC_NO_COMMON_BLOCKS = YES;
				GCC_OPTIMIZATION_LEVEL = 0;
				GCC_PREPROCESSOR_DEFINITIONS = (
					"DEBUG=1",
					"$(inherited)",
				);
				GCC_WARN_64_TO_32_BIT_CONVERSION = YES;
				GCC_WARN_ABOUT_RETURN_TYPE = YES_ERROR;
				GCC_WARN_UNDECLARED_SELECTOR = YES;
				GCC_WARN_UNINITIALIZED_AUTOS = YES_AGGRESSIVE;
				GCC_WARN_UNUSED_FUNCTION = YES;
				GCC_WARN_UNUSED_VARIABLE = YES;
				IPHONEOS_DEPLOYMENT_TARGET = 16.4;
				MTL_ENABLE_DEBUG_INFO = INCLUDE_SOURCE;
				MTL_FAST_MATH = YES;
				ONLY_ACTIVE_ARCH = YES;
				SDKROOT = iphoneos;
				SWIFT_ACTIVE_COMPILATION_CONDITIONS = DEBUG;
				SWIFT_OPTIMIZATION_LEVEL = "-Onone";
			};
			name = Debug;
		};
		865B48772B024E5B00EE81AA /* Release */ = {
			isa = XCBuildConfiguration;
			buildSettings = {
				ALWAYS_SEARCH_USER_PATHS = NO;
				ASSETCATALOG_COMPILER_GENERATE_SWIFT_ASSET_SYMBOL_EXTENSIONS = YES;
				CLANG_ANALYZER_NONNULL = YES;
				CLANG_ANALYZER_NUMBER_OBJECT_CONVERSION = YES_AGGRESSIVE;
				CLANG_CXX_LANGUAGE_STANDARD = "gnu++20";
				CLANG_ENABLE_MODULES = YES;
				CLANG_ENABLE_OBJC_ARC = YES;
				CLANG_ENABLE_OBJC_WEAK = YES;
				CLANG_WARN_BLOCK_CAPTURE_AUTORELEASING = YES;
				CLANG_WARN_BOOL_CONVERSION = YES;
				CLANG_WARN_COMMA = YES;
				CLANG_WARN_CONSTANT_CONVERSION = YES;
				CLANG_WARN_DEPRECATED_OBJC_IMPLEMENTATIONS = YES;
				CLANG_WARN_DIRECT_OBJC_ISA_USAGE = YES_ERROR;
				CLANG_WARN_DOCUMENTATION_COMMENTS = YES;
				CLANG_WARN_EMPTY_BODY = YES;
				CLANG_WARN_ENUM_CONVERSION = YES;
				CLANG_WARN_INFINITE_RECURSION = YES;
				CLANG_WARN_INT_CONVERSION = YES;
				CLANG_WARN_NON_LITERAL_NULL_CONVERSION = YES;
				CLANG_WARN_OBJC_IMPLICIT_RETAIN_SELF = YES;
				CLANG_WARN_OBJC_LITERAL_CONVERSION = YES;
				CLANG_WARN_OBJC_ROOT_CLASS = YES_ERROR;
				CLANG_WARN_QUOTED_INCLUDE_IN_FRAMEWORK_HEADER = YES;
				CLANG_WARN_RANGE_LOOP_ANALYSIS = YES;
				CLANG_WARN_STRICT_PROTOTYPES = YES;
				CLANG_WARN_SUSPICIOUS_MOVE = YES;
				CLANG_WARN_UNGUARDED_AVAILABILITY = YES_AGGRESSIVE;
				CLANG_WARN_UNREACHABLE_CODE = YES;
				CLANG_WARN__DUPLICATE_METHOD_MATCH = YES;
				COPY_PHASE_STRIP = NO;
				DEBUG_INFORMATION_FORMAT = "dwarf-with-dsym";
				ENABLE_NS_ASSERTIONS = NO;
				ENABLE_STRICT_OBJC_MSGSEND = YES;
				ENABLE_USER_SCRIPT_SANDBOXING = YES;
				GCC_C_LANGUAGE_STANDARD = gnu11;
				GCC_NO_COMMON_BLOCKS = YES;
				GCC_WARN_64_TO_32_BIT_CONVERSION = YES;
				GCC_WARN_ABOUT_RETURN_TYPE = YES_ERROR;
				GCC_WARN_UNDECLARED_SELECTOR = YES;
				GCC_WARN_UNINITIALIZED_AUTOS = YES_AGGRESSIVE;
				GCC_WARN_UNUSED_FUNCTION = YES;
				GCC_WARN_UNUSED_VARIABLE = YES;
				IPHONEOS_DEPLOYMENT_TARGET = 16.4;
				MTL_ENABLE_DEBUG_INFO = NO;
				MTL_FAST_MATH = YES;
				SDKROOT = iphoneos;
				SWIFT_COMPILATION_MODE = wholemodule;
				SWIFT_OPTIMIZATION_LEVEL = "-O";
				VALIDATE_PRODUCT = YES;
			};
			name = Release;
		};
		865B48792B024E5B00EE81AA /* Debug */ = {
			isa = XCBuildConfiguration;
			buildSettings = {
				ASSETCATALOG_COMPILER_APPICON_NAME = AppIcon;
				ASSETCATALOG_COMPILER_GLOBAL_ACCENT_COLOR_NAME = AccentColor;
				CODE_SIGN_STYLE = Automatic;
				CURRENT_PROJECT_VERSION = 1;
				DEVELOPMENT_TEAM = 4P2882G4R7;
				GENERATE_INFOPLIST_FILE = YES;
				INFOPLIST_FILE = RainbowGame/Application/Info.plist;
				INFOPLIST_KEY_UIApplicationSupportsIndirectInputEvents = YES;
				INFOPLIST_KEY_UILaunchStoryboardName = LaunchScreen;
				INFOPLIST_KEY_UISupportedInterfaceOrientations_iPad = "UIInterfaceOrientationPortrait UIInterfaceOrientationPortraitUpsideDown UIInterfaceOrientationLandscapeLeft UIInterfaceOrientationLandscapeRight";
				INFOPLIST_KEY_UISupportedInterfaceOrientations_iPhone = "UIInterfaceOrientationPortrait UIInterfaceOrientationLandscapeLeft UIInterfaceOrientationLandscapeRight";
				IPHONEOS_DEPLOYMENT_TARGET = 15.0;
				LD_RUNPATH_SEARCH_PATHS = (
					"$(inherited)",
					"@executable_path/Frameworks",
				);
				MARKETING_VERSION = 1.0;
				PRODUCT_BUNDLE_IDENTIFIER = com.michaelkivo.Xylophone;
				PRODUCT_NAME = "$(TARGET_NAME)";
				SUPPORTED_PLATFORMS = "iphoneos iphonesimulator";
				SUPPORTS_MACCATALYST = NO;
				SUPPORTS_MAC_DESIGNED_FOR_IPHONE_IPAD = NO;
				SWIFT_EMIT_LOC_STRINGS = YES;
				SWIFT_VERSION = 5.0;
				TARGETED_DEVICE_FAMILY = 1;
			};
			name = Debug;
		};
		865B487A2B024E5B00EE81AA /* Release */ = {
			isa = XCBuildConfiguration;
			buildSettings = {
				ASSETCATALOG_COMPILER_APPICON_NAME = AppIcon;
				ASSETCATALOG_COMPILER_GLOBAL_ACCENT_COLOR_NAME = AccentColor;
				CODE_SIGN_STYLE = Automatic;
				CURRENT_PROJECT_VERSION = 1;
				DEVELOPMENT_TEAM = 4P2882G4R7;
				GENERATE_INFOPLIST_FILE = YES;
				INFOPLIST_FILE = RainbowGame/Application/Info.plist;
				INFOPLIST_KEY_UIApplicationSupportsIndirectInputEvents = YES;
				INFOPLIST_KEY_UILaunchStoryboardName = LaunchScreen;
				INFOPLIST_KEY_UISupportedInterfaceOrientations_iPad = "UIInterfaceOrientationPortrait UIInterfaceOrientationPortraitUpsideDown UIInterfaceOrientationLandscapeLeft UIInterfaceOrientationLandscapeRight";
				INFOPLIST_KEY_UISupportedInterfaceOrientations_iPhone = "UIInterfaceOrientationPortrait UIInterfaceOrientationLandscapeLeft UIInterfaceOrientationLandscapeRight";
				IPHONEOS_DEPLOYMENT_TARGET = 15.0;
				LD_RUNPATH_SEARCH_PATHS = (
					"$(inherited)",
					"@executable_path/Frameworks",
				);
				MARKETING_VERSION = 1.0;
				PRODUCT_BUNDLE_IDENTIFIER = com.michaelkivo.Xylophone;
				PRODUCT_NAME = "$(TARGET_NAME)";
				SUPPORTED_PLATFORMS = "iphoneos iphonesimulator";
				SUPPORTS_MACCATALYST = NO;
				SUPPORTS_MAC_DESIGNED_FOR_IPHONE_IPAD = NO;
				SWIFT_EMIT_LOC_STRINGS = YES;
				SWIFT_VERSION = 5.0;
				TARGETED_DEVICE_FAMILY = 1;
			};
			name = Release;
		};
/* End XCBuildConfiguration section */

/* Begin XCConfigurationList section */
		865B485F2B024E5A00EE81AA /* Build configuration list for PBXProject "RainbowGame" */ = {
			isa = XCConfigurationList;
			buildConfigurations = (
				865B48762B024E5B00EE81AA /* Debug */,
				865B48772B024E5B00EE81AA /* Release */,
			);
			defaultConfigurationIsVisible = 0;
			defaultConfigurationName = Release;
		};
		865B48782B024E5B00EE81AA /* Build configuration list for PBXNativeTarget "RainbowGame" */ = {
			isa = XCConfigurationList;
			buildConfigurations = (
				865B48792B024E5B00EE81AA /* Debug */,
				865B487A2B024E5B00EE81AA /* Release */,
			);
			defaultConfigurationIsVisible = 0;
			defaultConfigurationName = Release;
		};
/* End XCConfigurationList section */

/* Begin XCRemoteSwiftPackageReference section */
		846AFF452B02A43900BD0C38 /* XCRemoteSwiftPackageReference "SnapKit" */ = {
			isa = XCRemoteSwiftPackageReference;
			repositoryURL = "https://github.com/SnapKit/SnapKit";
			requirement = {
				kind = upToNextMajorVersion;
				minimumVersion = 5.6.0;
			};
		};
/* End XCRemoteSwiftPackageReference section */

/* Begin XCSwiftPackageProductDependency section */
		846AFF462B02A43900BD0C38 /* SnapKit */ = {
			isa = XCSwiftPackageProductDependency;
			package = 846AFF452B02A43900BD0C38 /* XCRemoteSwiftPackageReference "SnapKit" */;
			productName = SnapKit;
		};
/* End XCSwiftPackageProductDependency section */
	};
	rootObject = 865B485C2B024E5A00EE81AA /* Project object */;
}
